
Microsoft Visual Studio Solution File, Format Version 12.00
# Visual Studio Version 17
VisualStudioVersion = 17.9.34607.119
MinimumVisualStudioVersion = 10.0.40219.1
Project("{2150E333-8FDC-42A3-9474-1A3956D46DE8}") = "Lab_2.1", "Lab_2.1", "{8A767F5F-826E-4682-9969-ED256530BEF1}"
EndProject
Project("{FAE04EC0-301F-11D3-BF4B-00C04F79EFBC}") = "Lab_2.1", "..\Lab_2.1\Lab_2.1.csproj", "{3F506FFA-A906-4082-9770-A04E34BA9BCC}"
EndProject
Global
	GlobalSection(SolutionConfigurationPlatforms) = preSolution
		Debug|Any CPU = Debug|Any CPU
		Release|Any CPU = Release|Any CPU
	EndGlobalSection
	GlobalSection(ProjectConfigurationPlatforms) = postSolution
		{3F506FFA-A906-4082-9770-A04E34BA9BCC}.Debug|Any CPU.ActiveCfg = Debug|Any CPU
		{3F506FFA-A906-4082-9770-A04E34BA9BCC}.Debug|Any CPU.Build.0 = Debug|Any CPU
		{3F506FFA-A906-4082-9770-A04E34BA9BCC}.Release|Any CPU.ActiveCfg = Release|Any CPU
		{3F506FFA-A906-4082-9770-A04E34BA9BCC}.Release|Any CPU.Build.0 = Release|Any CPU
	EndGlobalSection
	GlobalSection(SolutionProperties) = preSolution
		HideSolutionNode = FALSE
	EndGlobalSection
	GlobalSection(NestedProjects) = preSolution
		{3F506FFA-A906-4082-9770-A04E34BA9BCC} = {8A767F5F-826E-4682-9969-ED256530BEF1}
	EndGlobalSection
	GlobalSection(ExtensibilityGlobals) = postSolution
		SolutionGuid = {F26DA44A-347B-45A6-9FF7-3176E7E90BAF}
	EndGlobalSection
EndGlobal
