
Microsoft Visual Studio Solution File, Format Version 12.00
# Visual Studio Version 17
VisualStudioVersion = 17.9.34607.119
MinimumVisualStudioVersion = 10.0.40219.1
Project("{9A19103F-16F7-4668-BE54-9A1E7A4F7556}") = "Lab_2.1", "Lab_2.1\Lab_2.1.csproj", "{AF801777-4896-4E7F-98CC-2EA23CBFA248}"
EndProject
Project("{2150E333-8FDC-42A3-9474-1A3956D46DE8}") = "Lab_2.1_c#", "Lab_2.1_c#", "{84597392-C041-4C42-82B9-25BD6870CC07}"
EndProject
Project("{9A19103F-16F7-4668-BE54-9A1E7A4F7556}") = "TestProject1", "TestProject1\TestProject1.csproj", "{CDFADE51-5712-4BB5-90AF-78082B83E89B}"
EndProject
Project("{2150E333-8FDC-42A3-9474-1A3956D46DE8}") = "Lab_2.1_c++", "Lab_2.1_c++", "{56CC3405-C00B-4101-A2C0-29B61687E819}"
EndProject
Project("{8BC9CEB8-8B4A-11D0-8D11-00A0C91BC942}") = "Lab_2.1_c++", "Lab_2.1_c++\Lab_2.1_c++.vcxproj", "{76C68785-371B-4727-8F18-33136A8F9E22}"
EndProject
Project("{2150E333-8FDC-42A3-9474-1A3956D46DE8}") = "Lab_2.2_c++", "Lab_2.2_c++", "{390FC986-7D61-4A83-923A-BF6917B9CBA2}"
EndProject
Project("{8BC9CEB8-8B4A-11D0-8D11-00A0C91BC942}") = "Lab_2.2_c++", "Lab_2.2_c++\Lab_2.2.vcxproj", "{7BCD84E9-E9C8-4B4D-9BBC-3B762309895E}"
EndProject
Project("{8BC9CEB8-8B4A-11D0-8D11-00A0C91BC942}") = "UnitTest1", "UnitTest1\UnitTest1.vcxproj", "{70278139-EE12-43CB-968A-30D04BA184E6}"
EndProject
Project("{8BC9CEB8-8B4A-11D0-8D11-00A0C91BC942}") = "UnitTest2", "UnitTest2\UnitTest2.vcxproj", "{CF614C59-FCE0-47F6-B47A-C7374E0D7929}"
EndProject
Project("{2150E333-8FDC-42A3-9474-1A3956D46DE8}") = "Lab_2.3_c++", "Lab_2.3_c++", "{BB820308-16F7-4015-90EF-5A47C5DBED54}"
EndProject
Project("{8BC9CEB8-8B4A-11D0-8D11-00A0C91BC942}") = "Lab_2.3_c++", "Lab_2.3_c++\Lab_2.3_c++.vcxproj", "{45F15016-7463-4EEF-8726-DEFB21411965}"
EndProject
Project("{8BC9CEB8-8B4A-11D0-8D11-00A0C91BC942}") = "UnitTest3", "UnitTest3\UnitTest3.vcxproj", "{297E67AB-435E-4D12-869D-98CF9AE272AE}"
EndProject
Project("{2150E333-8FDC-42A3-9474-1A3956D46DE8}") = "Lab_2.4_c++", "Lab_2.4_c++", "{899FB144-A76F-4AE7-9A5F-DC79ACEAC70B}"
EndProject
Project("{8BC9CEB8-8B4A-11D0-8D11-00A0C91BC942}") = "Lab_2.4.1_c++", "Lab_2.4_c++\Lab_2.4_c++.vcxproj", "{91F7DB75-D119-40CD-9156-583B65F0262D}"
EndProject
Project("{2150E333-8FDC-42A3-9474-1A3956D46DE8}") = "Lab_2.4.1", "Lab_2.4.1", "{3693B40F-DD9B-43B0-91D9-B877C37F6BAE}"
EndProject
Project("{8BC9CEB8-8B4A-11D0-8D11-00A0C91BC942}") = "UnitTest4", "UnitTest4\UnitTest4.vcxproj", "{C321E10C-2A2F-42C6-AC09-7DF83BFD0845}"
EndProject
Project("{2150E333-8FDC-42A3-9474-1A3956D46DE8}") = "Lab_2.4.2", "Lab_2.4.2", "{6930452E-7A43-43FE-B67D-0DF083E93C13}"
EndProject
Project("{8BC9CEB8-8B4A-11D0-8D11-00A0C91BC942}") = "Lab_2.4.2_c++", "Lab_2.4.2_c++\Lab_2.4.2_c++.vcxproj", "{6C477D64-6F74-470A-97F0-2F31C8745848}"
EndProject
Global
	GlobalSection(SolutionConfigurationPlatforms) = preSolution
		Debug|Any CPU = Debug|Any CPU
		Debug|x64 = Debug|x64
		Debug|x86 = Debug|x86
		Release|Any CPU = Release|Any CPU
		Release|x64 = Release|x64
		Release|x86 = Release|x86
	EndGlobalSection
	GlobalSection(ProjectConfigurationPlatforms) = postSolution
		{AF801777-4896-4E7F-98CC-2EA23CBFA248}.Debug|Any CPU.ActiveCfg = Debug|Any CPU
		{AF801777-4896-4E7F-98CC-2EA23CBFA248}.Debug|Any CPU.Build.0 = Debug|Any CPU
		{AF801777-4896-4E7F-98CC-2EA23CBFA248}.Debug|x64.ActiveCfg = Debug|Any CPU
		{AF801777-4896-4E7F-98CC-2EA23CBFA248}.Debug|x64.Build.0 = Debug|Any CPU
		{AF801777-4896-4E7F-98CC-2EA23CBFA248}.Debug|x86.ActiveCfg = Debug|Any CPU
		{AF801777-4896-4E7F-98CC-2EA23CBFA248}.Debug|x86.Build.0 = Debug|Any CPU
		{AF801777-4896-4E7F-98CC-2EA23CBFA248}.Release|Any CPU.ActiveCfg = Release|Any CPU
		{AF801777-4896-4E7F-98CC-2EA23CBFA248}.Release|Any CPU.Build.0 = Release|Any CPU
		{AF801777-4896-4E7F-98CC-2EA23CBFA248}.Release|x64.ActiveCfg = Release|Any CPU
		{AF801777-4896-4E7F-98CC-2EA23CBFA248}.Release|x64.Build.0 = Release|Any CPU
		{AF801777-4896-4E7F-98CC-2EA23CBFA248}.Release|x86.ActiveCfg = Release|Any CPU
		{AF801777-4896-4E7F-98CC-2EA23CBFA248}.Release|x86.Build.0 = Release|Any CPU
		{CDFADE51-5712-4BB5-90AF-78082B83E89B}.Debug|Any CPU.ActiveCfg = Debug|Any CPU
		{CDFADE51-5712-4BB5-90AF-78082B83E89B}.Debug|Any CPU.Build.0 = Debug|Any CPU
		{CDFADE51-5712-4BB5-90AF-78082B83E89B}.Debug|x64.ActiveCfg = Debug|Any CPU
		{CDFADE51-5712-4BB5-90AF-78082B83E89B}.Debug|x64.Build.0 = Debug|Any CPU
		{CDFADE51-5712-4BB5-90AF-78082B83E89B}.Debug|x86.ActiveCfg = Debug|Any CPU
		{CDFADE51-5712-4BB5-90AF-78082B83E89B}.Debug|x86.Build.0 = Debug|Any CPU
		{CDFADE51-5712-4BB5-90AF-78082B83E89B}.Release|Any CPU.ActiveCfg = Release|Any CPU
		{CDFADE51-5712-4BB5-90AF-78082B83E89B}.Release|Any CPU.Build.0 = Release|Any CPU
		{CDFADE51-5712-4BB5-90AF-78082B83E89B}.Release|x64.ActiveCfg = Release|Any CPU
		{CDFADE51-5712-4BB5-90AF-78082B83E89B}.Release|x64.Build.0 = Release|Any CPU
		{CDFADE51-5712-4BB5-90AF-78082B83E89B}.Release|x86.ActiveCfg = Release|Any CPU
		{CDFADE51-5712-4BB5-90AF-78082B83E89B}.Release|x86.Build.0 = Release|Any CPU
		{76C68785-371B-4727-8F18-33136A8F9E22}.Debug|Any CPU.ActiveCfg = Debug|x64
		{76C68785-371B-4727-8F18-33136A8F9E22}.Debug|Any CPU.Build.0 = Debug|x64
		{76C68785-371B-4727-8F18-33136A8F9E22}.Debug|x64.ActiveCfg = Debug|x64
		{76C68785-371B-4727-8F18-33136A8F9E22}.Debug|x64.Build.0 = Debug|x64
		{76C68785-371B-4727-8F18-33136A8F9E22}.Debug|x86.ActiveCfg = Debug|Win32
		{76C68785-371B-4727-8F18-33136A8F9E22}.Debug|x86.Build.0 = Debug|Win32
		{76C68785-371B-4727-8F18-33136A8F9E22}.Release|Any CPU.ActiveCfg = Release|x64
		{76C68785-371B-4727-8F18-33136A8F9E22}.Release|Any CPU.Build.0 = Release|x64
		{76C68785-371B-4727-8F18-33136A8F9E22}.Release|x64.ActiveCfg = Release|x64
		{76C68785-371B-4727-8F18-33136A8F9E22}.Release|x64.Build.0 = Release|x64
		{76C68785-371B-4727-8F18-33136A8F9E22}.Release|x86.ActiveCfg = Release|Win32
		{76C68785-371B-4727-8F18-33136A8F9E22}.Release|x86.Build.0 = Release|Win32
		{7BCD84E9-E9C8-4B4D-9BBC-3B762309895E}.Debug|Any CPU.ActiveCfg = Debug|x64
		{7BCD84E9-E9C8-4B4D-9BBC-3B762309895E}.Debug|Any CPU.Build.0 = Debug|x64
		{7BCD84E9-E9C8-4B4D-9BBC-3B762309895E}.Debug|x64.ActiveCfg = Debug|x64
		{7BCD84E9-E9C8-4B4D-9BBC-3B762309895E}.Debug|x64.Build.0 = Debug|x64
		{7BCD84E9-E9C8-4B4D-9BBC-3B762309895E}.Debug|x86.ActiveCfg = Debug|Win32
		{7BCD84E9-E9C8-4B4D-9BBC-3B762309895E}.Debug|x86.Build.0 = Debug|Win32
		{7BCD84E9-E9C8-4B4D-9BBC-3B762309895E}.Release|Any CPU.ActiveCfg = Release|x64
		{7BCD84E9-E9C8-4B4D-9BBC-3B762309895E}.Release|Any CPU.Build.0 = Release|x64
		{7BCD84E9-E9C8-4B4D-9BBC-3B762309895E}.Release|x64.ActiveCfg = Release|x64
		{7BCD84E9-E9C8-4B4D-9BBC-3B762309895E}.Release|x64.Build.0 = Release|x64
		{7BCD84E9-E9C8-4B4D-9BBC-3B762309895E}.Release|x86.ActiveCfg = Release|Win32
		{7BCD84E9-E9C8-4B4D-9BBC-3B762309895E}.Release|x86.Build.0 = Release|Win32
		{70278139-EE12-43CB-968A-30D04BA184E6}.Debug|Any CPU.ActiveCfg = Debug|x64
		{70278139-EE12-43CB-968A-30D04BA184E6}.Debug|Any CPU.Build.0 = Debug|x64
		{70278139-EE12-43CB-968A-30D04BA184E6}.Debug|x64.ActiveCfg = Debug|x64
		{70278139-EE12-43CB-968A-30D04BA184E6}.Debug|x64.Build.0 = Debug|x64
		{70278139-EE12-43CB-968A-30D04BA184E6}.Debug|x86.ActiveCfg = Debug|Win32
		{70278139-EE12-43CB-968A-30D04BA184E6}.Debug|x86.Build.0 = Debug|Win32
		{70278139-EE12-43CB-968A-30D04BA184E6}.Release|Any CPU.ActiveCfg = Release|x64
		{70278139-EE12-43CB-968A-30D04BA184E6}.Release|Any CPU.Build.0 = Release|x64
		{70278139-EE12-43CB-968A-30D04BA184E6}.Release|x64.ActiveCfg = Release|x64
		{70278139-EE12-43CB-968A-30D04BA184E6}.Release|x64.Build.0 = Release|x64
		{70278139-EE12-43CB-968A-30D04BA184E6}.Release|x86.ActiveCfg = Release|Win32
		{70278139-EE12-43CB-968A-30D04BA184E6}.Release|x86.Build.0 = Release|Win32
		{CF614C59-FCE0-47F6-B47A-C7374E0D7929}.Debug|Any CPU.ActiveCfg = Debug|x64
		{CF614C59-FCE0-47F6-B47A-C7374E0D7929}.Debug|Any CPU.Build.0 = Debug|x64
		{CF614C59-FCE0-47F6-B47A-C7374E0D7929}.Debug|x64.ActiveCfg = Debug|x64
		{CF614C59-FCE0-47F6-B47A-C7374E0D7929}.Debug|x64.Build.0 = Debug|x64
		{CF614C59-FCE0-47F6-B47A-C7374E0D7929}.Debug|x86.ActiveCfg = Debug|Win32
		{CF614C59-FCE0-47F6-B47A-C7374E0D7929}.Debug|x86.Build.0 = Debug|Win32
		{CF614C59-FCE0-47F6-B47A-C7374E0D7929}.Release|Any CPU.ActiveCfg = Release|x64
		{CF614C59-FCE0-47F6-B47A-C7374E0D7929}.Release|Any CPU.Build.0 = Release|x64
		{CF614C59-FCE0-47F6-B47A-C7374E0D7929}.Release|x64.ActiveCfg = Release|x64
		{CF614C59-FCE0-47F6-B47A-C7374E0D7929}.Release|x64.Build.0 = Release|x64
		{CF614C59-FCE0-47F6-B47A-C7374E0D7929}.Release|x86.ActiveCfg = Release|Win32
		{CF614C59-FCE0-47F6-B47A-C7374E0D7929}.Release|x86.Build.0 = Release|Win32
		{45F15016-7463-4EEF-8726-DEFB21411965}.Debug|Any CPU.ActiveCfg = Debug|x64
		{45F15016-7463-4EEF-8726-DEFB21411965}.Debug|Any CPU.Build.0 = Debug|x64
		{45F15016-7463-4EEF-8726-DEFB21411965}.Debug|x64.ActiveCfg = Debug|x64
		{45F15016-7463-4EEF-8726-DEFB21411965}.Debug|x64.Build.0 = Debug|x64
		{45F15016-7463-4EEF-8726-DEFB21411965}.Debug|x86.ActiveCfg = Debug|Win32
		{45F15016-7463-4EEF-8726-DEFB21411965}.Debug|x86.Build.0 = Debug|Win32
		{45F15016-7463-4EEF-8726-DEFB21411965}.Release|Any CPU.ActiveCfg = Release|x64
		{45F15016-7463-4EEF-8726-DEFB21411965}.Release|Any CPU.Build.0 = Release|x64
		{45F15016-7463-4EEF-8726-DEFB21411965}.Release|x64.ActiveCfg = Release|x64
		{45F15016-7463-4EEF-8726-DEFB21411965}.Release|x64.Build.0 = Release|x64
		{45F15016-7463-4EEF-8726-DEFB21411965}.Release|x86.ActiveCfg = Release|Win32
		{45F15016-7463-4EEF-8726-DEFB21411965}.Release|x86.Build.0 = Release|Win32
		{297E67AB-435E-4D12-869D-98CF9AE272AE}.Debug|Any CPU.ActiveCfg = Debug|x64
		{297E67AB-435E-4D12-869D-98CF9AE272AE}.Debug|Any CPU.Build.0 = Debug|x64
		{297E67AB-435E-4D12-869D-98CF9AE272AE}.Debug|x64.ActiveCfg = Debug|x64
		{297E67AB-435E-4D12-869D-98CF9AE272AE}.Debug|x64.Build.0 = Debug|x64
		{297E67AB-435E-4D12-869D-98CF9AE272AE}.Debug|x86.ActiveCfg = Debug|Win32
		{297E67AB-435E-4D12-869D-98CF9AE272AE}.Debug|x86.Build.0 = Debug|Win32
		{297E67AB-435E-4D12-869D-98CF9AE272AE}.Release|Any CPU.ActiveCfg = Release|x64
		{297E67AB-435E-4D12-869D-98CF9AE272AE}.Release|Any CPU.Build.0 = Release|x64
		{297E67AB-435E-4D12-869D-98CF9AE272AE}.Release|x64.ActiveCfg = Release|x64
		{297E67AB-435E-4D12-869D-98CF9AE272AE}.Release|x64.Build.0 = Release|x64
		{297E67AB-435E-4D12-869D-98CF9AE272AE}.Release|x86.ActiveCfg = Release|Win32
		{297E67AB-435E-4D12-869D-98CF9AE272AE}.Release|x86.Build.0 = Release|Win32
		{91F7DB75-D119-40CD-9156-583B65F0262D}.Debug|Any CPU.ActiveCfg = Debug|x64
		{91F7DB75-D119-40CD-9156-583B65F0262D}.Debug|Any CPU.Build.0 = Debug|x64
		{91F7DB75-D119-40CD-9156-583B65F0262D}.Debug|x64.ActiveCfg = Debug|x64
		{91F7DB75-D119-40CD-9156-583B65F0262D}.Debug|x64.Build.0 = Debug|x64
		{91F7DB75-D119-40CD-9156-583B65F0262D}.Debug|x86.ActiveCfg = Debug|Win32
		{91F7DB75-D119-40CD-9156-583B65F0262D}.Debug|x86.Build.0 = Debug|Win32
		{91F7DB75-D119-40CD-9156-583B65F0262D}.Release|Any CPU.ActiveCfg = Release|x64
		{91F7DB75-D119-40CD-9156-583B65F0262D}.Release|Any CPU.Build.0 = Release|x64
		{91F7DB75-D119-40CD-9156-583B65F0262D}.Release|x64.ActiveCfg = Release|x64
		{91F7DB75-D119-40CD-9156-583B65F0262D}.Release|x64.Build.0 = Release|x64
		{91F7DB75-D119-40CD-9156-583B65F0262D}.Release|x86.ActiveCfg = Release|Win32
		{91F7DB75-D119-40CD-9156-583B65F0262D}.Release|x86.Build.0 = Release|Win32
		{C321E10C-2A2F-42C6-AC09-7DF83BFD0845}.Debug|Any CPU.ActiveCfg = Debug|x64
		{C321E10C-2A2F-42C6-AC09-7DF83BFD0845}.Debug|Any CPU.Build.0 = Debug|x64
		{C321E10C-2A2F-42C6-AC09-7DF83BFD0845}.Debug|x64.ActiveCfg = Debug|x64
		{C321E10C-2A2F-42C6-AC09-7DF83BFD0845}.Debug|x64.Build.0 = Debug|x64
		{C321E10C-2A2F-42C6-AC09-7DF83BFD0845}.Debug|x86.ActiveCfg = Debug|Win32
		{C321E10C-2A2F-42C6-AC09-7DF83BFD0845}.Debug|x86.Build.0 = Debug|Win32
		{C321E10C-2A2F-42C6-AC09-7DF83BFD0845}.Release|Any CPU.ActiveCfg = Release|x64
		{C321E10C-2A2F-42C6-AC09-7DF83BFD0845}.Release|Any CPU.Build.0 = Release|x64
		{C321E10C-2A2F-42C6-AC09-7DF83BFD0845}.Release|x64.ActiveCfg = Release|x64
		{C321E10C-2A2F-42C6-AC09-7DF83BFD0845}.Release|x64.Build.0 = Release|x64
		{C321E10C-2A2F-42C6-AC09-7DF83BFD0845}.Release|x86.ActiveCfg = Release|Win32
		{C321E10C-2A2F-42C6-AC09-7DF83BFD0845}.Release|x86.Build.0 = Release|Win32
		{6C477D64-6F74-470A-97F0-2F31C8745848}.Debug|Any CPU.ActiveCfg = Debug|x64
		{6C477D64-6F74-470A-97F0-2F31C8745848}.Debug|Any CPU.Build.0 = Debug|x64
		{6C477D64-6F74-470A-97F0-2F31C8745848}.Debug|x64.ActiveCfg = Debug|x64
		{6C477D64-6F74-470A-97F0-2F31C8745848}.Debug|x64.Build.0 = Debug|x64
		{6C477D64-6F74-470A-97F0-2F31C8745848}.Debug|x86.ActiveCfg = Debug|Win32
		{6C477D64-6F74-470A-97F0-2F31C8745848}.Debug|x86.Build.0 = Debug|Win32
		{6C477D64-6F74-470A-97F0-2F31C8745848}.Release|Any CPU.ActiveCfg = Release|x64
		{6C477D64-6F74-470A-97F0-2F31C8745848}.Release|Any CPU.Build.0 = Release|x64
		{6C477D64-6F74-470A-97F0-2F31C8745848}.Release|x64.ActiveCfg = Release|x64
		{6C477D64-6F74-470A-97F0-2F31C8745848}.Release|x64.Build.0 = Release|x64
		{6C477D64-6F74-470A-97F0-2F31C8745848}.Release|x86.ActiveCfg = Release|Win32
		{6C477D64-6F74-470A-97F0-2F31C8745848}.Release|x86.Build.0 = Release|Win32
	EndGlobalSection
	GlobalSection(SolutionProperties) = preSolution
		HideSolutionNode = FALSE
	EndGlobalSection
	GlobalSection(NestedProjects) = preSolution
		{AF801777-4896-4E7F-98CC-2EA23CBFA248} = {84597392-C041-4C42-82B9-25BD6870CC07}
		{CDFADE51-5712-4BB5-90AF-78082B83E89B} = {84597392-C041-4C42-82B9-25BD6870CC07}
		{76C68785-371B-4727-8F18-33136A8F9E22} = {56CC3405-C00B-4101-A2C0-29B61687E819}
		{7BCD84E9-E9C8-4B4D-9BBC-3B762309895E} = {390FC986-7D61-4A83-923A-BF6917B9CBA2}
		{70278139-EE12-43CB-968A-30D04BA184E6} = {56CC3405-C00B-4101-A2C0-29B61687E819}
		{CF614C59-FCE0-47F6-B47A-C7374E0D7929} = {390FC986-7D61-4A83-923A-BF6917B9CBA2}
		{45F15016-7463-4EEF-8726-DEFB21411965} = {BB820308-16F7-4015-90EF-5A47C5DBED54}
		{297E67AB-435E-4D12-869D-98CF9AE272AE} = {BB820308-16F7-4015-90EF-5A47C5DBED54}
		{91F7DB75-D119-40CD-9156-583B65F0262D} = {3693B40F-DD9B-43B0-91D9-B877C37F6BAE}
		{3693B40F-DD9B-43B0-91D9-B877C37F6BAE} = {899FB144-A76F-4AE7-9A5F-DC79ACEAC70B}
		{C321E10C-2A2F-42C6-AC09-7DF83BFD0845} = {3693B40F-DD9B-43B0-91D9-B877C37F6BAE}
		{6930452E-7A43-43FE-B67D-0DF083E93C13} = {899FB144-A76F-4AE7-9A5F-DC79ACEAC70B}
		{6C477D64-6F74-470A-97F0-2F31C8745848} = {6930452E-7A43-43FE-B67D-0DF083E93C13}
	EndGlobalSection
	GlobalSection(ExtensibilityGlobals) = postSolution
		SolutionGuid = {4266EFBD-25C5-47B4-878A-9FA37AE2416C}
	EndGlobalSection
EndGlobal
