
Microsoft Visual Studio Solution File, Format Version 12.00
# Visual Studio Version 17
VisualStudioVersion = 17.9.34607.119
MinimumVisualStudioVersion = 10.0.40219.1
Project("{9A19103F-16F7-4668-BE54-9A1E7A4F7556}") = "Lab_1.1", "Lab_1.1\Lab_1.1.csproj", "{DA5351A1-D02E-4257-89A0-7315F888E3E3}"
EndProject
Project("{9A19103F-16F7-4668-BE54-9A1E7A4F7556}") = "TestProject1", "TestProject1\TestProject1.csproj", "{97E2A159-E653-4557-B535-2FAD285377AF}"
EndProject
Project("{9A19103F-16F7-4668-BE54-9A1E7A4F7556}") = "Lab_1.2", "Lab_1.2\Lab_1.2.csproj", "{6405CA8E-24B5-438B-88A2-2459655AF76D}"
EndProject
Project("{2150E333-8FDC-42A3-9474-1A3956D46DE8}") = "Lab_1.1", "Lab_1.1", "{271778B0-F599-4CFD-A98A-EDCAEC28AE09}"
EndProject
Project("{2150E333-8FDC-42A3-9474-1A3956D46DE8}") = "Lab_1.2", "Lab_1.2", "{19AF0381-7B53-4EAD-A6DD-EB9110775E41}"
EndProject
Project("{9A19103F-16F7-4668-BE54-9A1E7A4F7556}") = "TestProject2", "TestProject2\TestProject2.csproj", "{FA07CC39-28F8-44DB-AB34-4228090EF40E}"
EndProject
Project("{2150E333-8FDC-42A3-9474-1A3956D46DE8}") = "Lab_1.3", "Lab_1.3", "{B910688B-9DF8-4256-A9FB-B2C8F86487C8}"
EndProject
Project("{9A19103F-16F7-4668-BE54-9A1E7A4F7556}") = "Lab_1.3", "Lab_1.3\Lab_1.3.csproj", "{AFD41844-2B52-411D-BFEA-1CD439829AB5}"
EndProject
Project("{9A19103F-16F7-4668-BE54-9A1E7A4F7556}") = "TestProject3", "TestProject3\TestProject3.csproj", "{DE713B74-99A6-4054-9DAD-BDE487B0BD79}"
EndProject
Project("{2150E333-8FDC-42A3-9474-1A3956D46DE8}") = "Lab_1.4", "Lab_1.4", "{78BFBA7C-B92C-465F-81F6-58D546ED38D7}"
EndProject
Project("{9A19103F-16F7-4668-BE54-9A1E7A4F7556}") = "Lab_1.4", "Lab_1.4\Lab_1.4.csproj", "{68F12591-A52B-4F63-A232-D5095D2C8DA4}"
EndProject
Project("{9A19103F-16F7-4668-BE54-9A1E7A4F7556}") = "TestProject4", "TestProject4\TestProject4.csproj", "{E8AE6BCF-D3B0-4A88-9D78-1D051F19642A}"
EndProject
Project("{2150E333-8FDC-42A3-9474-1A3956D46DE8}") = "Lab_1.5", "Lab_1.5", "{E2C61D49-37FB-4A3E-8701-37C5D0A0BD65}"
EndProject
Project("{9A19103F-16F7-4668-BE54-9A1E7A4F7556}") = "Lab_1.5", "Lab_1.5\Lab_1.5.csproj", "{C87765AD-DCD9-4450-A338-504D9F40AD8A}"
EndProject
Project("{9A19103F-16F7-4668-BE54-9A1E7A4F7556}") = "TestProject5", "TestProject5\TestProject5.csproj", "{4B027362-7DDB-4645-9BF8-3F998F70296C}"
EndProject
Project("{2150E333-8FDC-42A3-9474-1A3956D46DE8}") = "Lab_1.6", "Lab_1.6", "{88C7BB86-DF25-46F8-8A35-464F02FF4B95}"
EndProject
Project("{9A19103F-16F7-4668-BE54-9A1E7A4F7556}") = "Lab_1.6", "Lan_1.6\Lab_1.6.csproj", "{246B39DB-99EC-4029-A64D-44AA330BE425}"
EndProject
Project("{9A19103F-16F7-4668-BE54-9A1E7A4F7556}") = "TestProject6", "TestProject6\TestProject6.csproj", "{7557C83C-907B-4FA7-A584-3C735DBF5807}"
EndProject
Project("{2150E333-8FDC-42A3-9474-1A3956D46DE8}") = "Lab_1.7", "Lab_1.7", "{CD8B5CD9-BD54-4E05-883C-3DA6EF591EFA}"
EndProject
Project("{FAE04EC0-301F-11D3-BF4B-00C04F79EFBC}") = "Lab_1.7", "Lab_1.7\Lab_1.7.csproj", "{6197D554-300F-41E2-80C0-CAC34BCF8208}"
EndProject
Project("{FAE04EC0-301F-11D3-BF4B-00C04F79EFBC}") = "TestProject7", "TestProject7\TestProject7.csproj", "{9F95FB15-2C66-4D48-A18D-DE23AE96F42D}"
EndProject
Project("{2150E333-8FDC-42A3-9474-1A3956D46DE8}") = "Lab_1.8", "Lab_1.8", "{861635E3-7B38-492B-9C07-B1DA5F39172F}"
EndProject
Project("{FAE04EC0-301F-11D3-BF4B-00C04F79EFBC}") = "Lab_1.8", "Lab_1.8\Lab_1.8.csproj", "{209561A2-668B-46C9-9E67-81849DA14BBC}"
EndProject
Project("{FAE04EC0-301F-11D3-BF4B-00C04F79EFBC}") = "TestProject8", "TestProject8\TestProject8.csproj", "{CC660815-4718-49F6-B0E6-9EFFBA41DEDA}"
EndProject
Global
	GlobalSection(SolutionConfigurationPlatforms) = preSolution
		Debug|Any CPU = Debug|Any CPU
		Debug|x64 = Debug|x64
		Debug|x86 = Debug|x86
		Release|Any CPU = Release|Any CPU
		Release|x64 = Release|x64
		Release|x86 = Release|x86
	EndGlobalSection
	GlobalSection(ProjectConfigurationPlatforms) = postSolution
		{DA5351A1-D02E-4257-89A0-7315F888E3E3}.Debug|Any CPU.ActiveCfg = Debug|Any CPU
		{DA5351A1-D02E-4257-89A0-7315F888E3E3}.Debug|Any CPU.Build.0 = Debug|Any CPU
		{DA5351A1-D02E-4257-89A0-7315F888E3E3}.Debug|x64.ActiveCfg = Debug|Any CPU
		{DA5351A1-D02E-4257-89A0-7315F888E3E3}.Debug|x64.Build.0 = Debug|Any CPU
		{DA5351A1-D02E-4257-89A0-7315F888E3E3}.Debug|x86.ActiveCfg = Debug|Any CPU
		{DA5351A1-D02E-4257-89A0-7315F888E3E3}.Debug|x86.Build.0 = Debug|Any CPU
		{DA5351A1-D02E-4257-89A0-7315F888E3E3}.Release|Any CPU.ActiveCfg = Release|Any CPU
		{DA5351A1-D02E-4257-89A0-7315F888E3E3}.Release|Any CPU.Build.0 = Release|Any CPU
		{DA5351A1-D02E-4257-89A0-7315F888E3E3}.Release|x64.ActiveCfg = Release|Any CPU
		{DA5351A1-D02E-4257-89A0-7315F888E3E3}.Release|x64.Build.0 = Release|Any CPU
		{DA5351A1-D02E-4257-89A0-7315F888E3E3}.Release|x86.ActiveCfg = Release|Any CPU
		{DA5351A1-D02E-4257-89A0-7315F888E3E3}.Release|x86.Build.0 = Release|Any CPU
		{97E2A159-E653-4557-B535-2FAD285377AF}.Debug|Any CPU.ActiveCfg = Debug|Any CPU
		{97E2A159-E653-4557-B535-2FAD285377AF}.Debug|Any CPU.Build.0 = Debug|Any CPU
		{97E2A159-E653-4557-B535-2FAD285377AF}.Debug|x64.ActiveCfg = Debug|Any CPU
		{97E2A159-E653-4557-B535-2FAD285377AF}.Debug|x64.Build.0 = Debug|Any CPU
		{97E2A159-E653-4557-B535-2FAD285377AF}.Debug|x86.ActiveCfg = Debug|Any CPU
		{97E2A159-E653-4557-B535-2FAD285377AF}.Debug|x86.Build.0 = Debug|Any CPU
		{97E2A159-E653-4557-B535-2FAD285377AF}.Release|Any CPU.ActiveCfg = Release|Any CPU
		{97E2A159-E653-4557-B535-2FAD285377AF}.Release|Any CPU.Build.0 = Release|Any CPU
		{97E2A159-E653-4557-B535-2FAD285377AF}.Release|x64.ActiveCfg = Release|Any CPU
		{97E2A159-E653-4557-B535-2FAD285377AF}.Release|x64.Build.0 = Release|Any CPU
		{97E2A159-E653-4557-B535-2FAD285377AF}.Release|x86.ActiveCfg = Release|Any CPU
		{97E2A159-E653-4557-B535-2FAD285377AF}.Release|x86.Build.0 = Release|Any CPU
		{6405CA8E-24B5-438B-88A2-2459655AF76D}.Debug|Any CPU.ActiveCfg = Debug|Any CPU
		{6405CA8E-24B5-438B-88A2-2459655AF76D}.Debug|Any CPU.Build.0 = Debug|Any CPU
		{6405CA8E-24B5-438B-88A2-2459655AF76D}.Debug|x64.ActiveCfg = Debug|Any CPU
		{6405CA8E-24B5-438B-88A2-2459655AF76D}.Debug|x64.Build.0 = Debug|Any CPU
		{6405CA8E-24B5-438B-88A2-2459655AF76D}.Debug|x86.ActiveCfg = Debug|Any CPU
		{6405CA8E-24B5-438B-88A2-2459655AF76D}.Debug|x86.Build.0 = Debug|Any CPU
		{6405CA8E-24B5-438B-88A2-2459655AF76D}.Release|Any CPU.ActiveCfg = Release|Any CPU
		{6405CA8E-24B5-438B-88A2-2459655AF76D}.Release|Any CPU.Build.0 = Release|Any CPU
		{6405CA8E-24B5-438B-88A2-2459655AF76D}.Release|x64.ActiveCfg = Release|Any CPU
		{6405CA8E-24B5-438B-88A2-2459655AF76D}.Release|x64.Build.0 = Release|Any CPU
		{6405CA8E-24B5-438B-88A2-2459655AF76D}.Release|x86.ActiveCfg = Release|Any CPU
		{6405CA8E-24B5-438B-88A2-2459655AF76D}.Release|x86.Build.0 = Release|Any CPU
		{FA07CC39-28F8-44DB-AB34-4228090EF40E}.Debug|Any CPU.ActiveCfg = Debug|Any CPU
		{FA07CC39-28F8-44DB-AB34-4228090EF40E}.Debug|Any CPU.Build.0 = Debug|Any CPU
		{FA07CC39-28F8-44DB-AB34-4228090EF40E}.Debug|x64.ActiveCfg = Debug|Any CPU
		{FA07CC39-28F8-44DB-AB34-4228090EF40E}.Debug|x64.Build.0 = Debug|Any CPU
		{FA07CC39-28F8-44DB-AB34-4228090EF40E}.Debug|x86.ActiveCfg = Debug|Any CPU
		{FA07CC39-28F8-44DB-AB34-4228090EF40E}.Debug|x86.Build.0 = Debug|Any CPU
		{FA07CC39-28F8-44DB-AB34-4228090EF40E}.Release|Any CPU.ActiveCfg = Release|Any CPU
		{FA07CC39-28F8-44DB-AB34-4228090EF40E}.Release|Any CPU.Build.0 = Release|Any CPU
		{FA07CC39-28F8-44DB-AB34-4228090EF40E}.Release|x64.ActiveCfg = Release|Any CPU
		{FA07CC39-28F8-44DB-AB34-4228090EF40E}.Release|x64.Build.0 = Release|Any CPU
		{FA07CC39-28F8-44DB-AB34-4228090EF40E}.Release|x86.ActiveCfg = Release|Any CPU
		{FA07CC39-28F8-44DB-AB34-4228090EF40E}.Release|x86.Build.0 = Release|Any CPU
		{AFD41844-2B52-411D-BFEA-1CD439829AB5}.Debug|Any CPU.ActiveCfg = Debug|Any CPU
		{AFD41844-2B52-411D-BFEA-1CD439829AB5}.Debug|Any CPU.Build.0 = Debug|Any CPU
		{AFD41844-2B52-411D-BFEA-1CD439829AB5}.Debug|x64.ActiveCfg = Debug|Any CPU
		{AFD41844-2B52-411D-BFEA-1CD439829AB5}.Debug|x64.Build.0 = Debug|Any CPU
		{AFD41844-2B52-411D-BFEA-1CD439829AB5}.Debug|x86.ActiveCfg = Debug|Any CPU
		{AFD41844-2B52-411D-BFEA-1CD439829AB5}.Debug|x86.Build.0 = Debug|Any CPU
		{AFD41844-2B52-411D-BFEA-1CD439829AB5}.Release|Any CPU.ActiveCfg = Release|Any CPU
		{AFD41844-2B52-411D-BFEA-1CD439829AB5}.Release|Any CPU.Build.0 = Release|Any CPU
		{AFD41844-2B52-411D-BFEA-1CD439829AB5}.Release|x64.ActiveCfg = Release|Any CPU
		{AFD41844-2B52-411D-BFEA-1CD439829AB5}.Release|x64.Build.0 = Release|Any CPU
		{AFD41844-2B52-411D-BFEA-1CD439829AB5}.Release|x86.ActiveCfg = Release|Any CPU
		{AFD41844-2B52-411D-BFEA-1CD439829AB5}.Release|x86.Build.0 = Release|Any CPU
		{DE713B74-99A6-4054-9DAD-BDE487B0BD79}.Debug|Any CPU.ActiveCfg = Debug|Any CPU
		{DE713B74-99A6-4054-9DAD-BDE487B0BD79}.Debug|Any CPU.Build.0 = Debug|Any CPU
		{DE713B74-99A6-4054-9DAD-BDE487B0BD79}.Debug|x64.ActiveCfg = Debug|Any CPU
		{DE713B74-99A6-4054-9DAD-BDE487B0BD79}.Debug|x64.Build.0 = Debug|Any CPU
		{DE713B74-99A6-4054-9DAD-BDE487B0BD79}.Debug|x86.ActiveCfg = Debug|Any CPU
		{DE713B74-99A6-4054-9DAD-BDE487B0BD79}.Debug|x86.Build.0 = Debug|Any CPU
		{DE713B74-99A6-4054-9DAD-BDE487B0BD79}.Release|Any CPU.ActiveCfg = Release|Any CPU
		{DE713B74-99A6-4054-9DAD-BDE487B0BD79}.Release|Any CPU.Build.0 = Release|Any CPU
		{DE713B74-99A6-4054-9DAD-BDE487B0BD79}.Release|x64.ActiveCfg = Release|Any CPU
		{DE713B74-99A6-4054-9DAD-BDE487B0BD79}.Release|x64.Build.0 = Release|Any CPU
		{DE713B74-99A6-4054-9DAD-BDE487B0BD79}.Release|x86.ActiveCfg = Release|Any CPU
		{DE713B74-99A6-4054-9DAD-BDE487B0BD79}.Release|x86.Build.0 = Release|Any CPU
		{68F12591-A52B-4F63-A232-D5095D2C8DA4}.Debug|Any CPU.ActiveCfg = Debug|Any CPU
		{68F12591-A52B-4F63-A232-D5095D2C8DA4}.Debug|Any CPU.Build.0 = Debug|Any CPU
		{68F12591-A52B-4F63-A232-D5095D2C8DA4}.Debug|x64.ActiveCfg = Debug|Any CPU
		{68F12591-A52B-4F63-A232-D5095D2C8DA4}.Debug|x64.Build.0 = Debug|Any CPU
		{68F12591-A52B-4F63-A232-D5095D2C8DA4}.Debug|x86.ActiveCfg = Debug|Any CPU
		{68F12591-A52B-4F63-A232-D5095D2C8DA4}.Debug|x86.Build.0 = Debug|Any CPU
		{68F12591-A52B-4F63-A232-D5095D2C8DA4}.Release|Any CPU.ActiveCfg = Release|Any CPU
		{68F12591-A52B-4F63-A232-D5095D2C8DA4}.Release|Any CPU.Build.0 = Release|Any CPU
		{68F12591-A52B-4F63-A232-D5095D2C8DA4}.Release|x64.ActiveCfg = Release|Any CPU
		{68F12591-A52B-4F63-A232-D5095D2C8DA4}.Release|x64.Build.0 = Release|Any CPU
		{68F12591-A52B-4F63-A232-D5095D2C8DA4}.Release|x86.ActiveCfg = Release|Any CPU
		{68F12591-A52B-4F63-A232-D5095D2C8DA4}.Release|x86.Build.0 = Release|Any CPU
		{E8AE6BCF-D3B0-4A88-9D78-1D051F19642A}.Debug|Any CPU.ActiveCfg = Debug|Any CPU
		{E8AE6BCF-D3B0-4A88-9D78-1D051F19642A}.Debug|Any CPU.Build.0 = Debug|Any CPU
		{E8AE6BCF-D3B0-4A88-9D78-1D051F19642A}.Debug|x64.ActiveCfg = Debug|Any CPU
		{E8AE6BCF-D3B0-4A88-9D78-1D051F19642A}.Debug|x64.Build.0 = Debug|Any CPU
		{E8AE6BCF-D3B0-4A88-9D78-1D051F19642A}.Debug|x86.ActiveCfg = Debug|Any CPU
		{E8AE6BCF-D3B0-4A88-9D78-1D051F19642A}.Debug|x86.Build.0 = Debug|Any CPU
		{E8AE6BCF-D3B0-4A88-9D78-1D051F19642A}.Release|Any CPU.ActiveCfg = Release|Any CPU
		{E8AE6BCF-D3B0-4A88-9D78-1D051F19642A}.Release|Any CPU.Build.0 = Release|Any CPU
		{E8AE6BCF-D3B0-4A88-9D78-1D051F19642A}.Release|x64.ActiveCfg = Release|Any CPU
		{E8AE6BCF-D3B0-4A88-9D78-1D051F19642A}.Release|x64.Build.0 = Release|Any CPU
		{E8AE6BCF-D3B0-4A88-9D78-1D051F19642A}.Release|x86.ActiveCfg = Release|Any CPU
		{E8AE6BCF-D3B0-4A88-9D78-1D051F19642A}.Release|x86.Build.0 = Release|Any CPU
		{C87765AD-DCD9-4450-A338-504D9F40AD8A}.Debug|Any CPU.ActiveCfg = Debug|Any CPU
		{C87765AD-DCD9-4450-A338-504D9F40AD8A}.Debug|Any CPU.Build.0 = Debug|Any CPU
		{C87765AD-DCD9-4450-A338-504D9F40AD8A}.Debug|x64.ActiveCfg = Debug|Any CPU
		{C87765AD-DCD9-4450-A338-504D9F40AD8A}.Debug|x64.Build.0 = Debug|Any CPU
		{C87765AD-DCD9-4450-A338-504D9F40AD8A}.Debug|x86.ActiveCfg = Debug|Any CPU
		{C87765AD-DCD9-4450-A338-504D9F40AD8A}.Debug|x86.Build.0 = Debug|Any CPU
		{C87765AD-DCD9-4450-A338-504D9F40AD8A}.Release|Any CPU.ActiveCfg = Release|Any CPU
		{C87765AD-DCD9-4450-A338-504D9F40AD8A}.Release|Any CPU.Build.0 = Release|Any CPU
		{C87765AD-DCD9-4450-A338-504D9F40AD8A}.Release|x64.ActiveCfg = Release|Any CPU
		{C87765AD-DCD9-4450-A338-504D9F40AD8A}.Release|x64.Build.0 = Release|Any CPU
		{C87765AD-DCD9-4450-A338-504D9F40AD8A}.Release|x86.ActiveCfg = Release|Any CPU
		{C87765AD-DCD9-4450-A338-504D9F40AD8A}.Release|x86.Build.0 = Release|Any CPU
		{4B027362-7DDB-4645-9BF8-3F998F70296C}.Debug|Any CPU.ActiveCfg = Debug|Any CPU
		{4B027362-7DDB-4645-9BF8-3F998F70296C}.Debug|Any CPU.Build.0 = Debug|Any CPU
		{4B027362-7DDB-4645-9BF8-3F998F70296C}.Debug|x64.ActiveCfg = Debug|Any CPU
		{4B027362-7DDB-4645-9BF8-3F998F70296C}.Debug|x64.Build.0 = Debug|Any CPU
		{4B027362-7DDB-4645-9BF8-3F998F70296C}.Debug|x86.ActiveCfg = Debug|Any CPU
		{4B027362-7DDB-4645-9BF8-3F998F70296C}.Debug|x86.Build.0 = Debug|Any CPU
		{4B027362-7DDB-4645-9BF8-3F998F70296C}.Release|Any CPU.ActiveCfg = Release|Any CPU
		{4B027362-7DDB-4645-9BF8-3F998F70296C}.Release|Any CPU.Build.0 = Release|Any CPU
		{4B027362-7DDB-4645-9BF8-3F998F70296C}.Release|x64.ActiveCfg = Release|Any CPU
		{4B027362-7DDB-4645-9BF8-3F998F70296C}.Release|x64.Build.0 = Release|Any CPU
		{4B027362-7DDB-4645-9BF8-3F998F70296C}.Release|x86.ActiveCfg = Release|Any CPU
		{4B027362-7DDB-4645-9BF8-3F998F70296C}.Release|x86.Build.0 = Release|Any CPU
		{246B39DB-99EC-4029-A64D-44AA330BE425}.Debug|Any CPU.ActiveCfg = Debug|Any CPU
		{246B39DB-99EC-4029-A64D-44AA330BE425}.Debug|Any CPU.Build.0 = Debug|Any CPU
		{246B39DB-99EC-4029-A64D-44AA330BE425}.Debug|x64.ActiveCfg = Debug|Any CPU
		{246B39DB-99EC-4029-A64D-44AA330BE425}.Debug|x64.Build.0 = Debug|Any CPU
		{246B39DB-99EC-4029-A64D-44AA330BE425}.Debug|x86.ActiveCfg = Debug|Any CPU
		{246B39DB-99EC-4029-A64D-44AA330BE425}.Debug|x86.Build.0 = Debug|Any CPU
		{246B39DB-99EC-4029-A64D-44AA330BE425}.Release|Any CPU.ActiveCfg = Release|Any CPU
		{246B39DB-99EC-4029-A64D-44AA330BE425}.Release|Any CPU.Build.0 = Release|Any CPU
		{246B39DB-99EC-4029-A64D-44AA330BE425}.Release|x64.ActiveCfg = Release|Any CPU
		{246B39DB-99EC-4029-A64D-44AA330BE425}.Release|x64.Build.0 = Release|Any CPU
		{246B39DB-99EC-4029-A64D-44AA330BE425}.Release|x86.ActiveCfg = Release|Any CPU
		{246B39DB-99EC-4029-A64D-44AA330BE425}.Release|x86.Build.0 = Release|Any CPU
		{7557C83C-907B-4FA7-A584-3C735DBF5807}.Debug|Any CPU.ActiveCfg = Debug|Any CPU
		{7557C83C-907B-4FA7-A584-3C735DBF5807}.Debug|Any CPU.Build.0 = Debug|Any CPU
		{7557C83C-907B-4FA7-A584-3C735DBF5807}.Debug|x64.ActiveCfg = Debug|Any CPU
		{7557C83C-907B-4FA7-A584-3C735DBF5807}.Debug|x64.Build.0 = Debug|Any CPU
		{7557C83C-907B-4FA7-A584-3C735DBF5807}.Debug|x86.ActiveCfg = Debug|Any CPU
		{7557C83C-907B-4FA7-A584-3C735DBF5807}.Debug|x86.Build.0 = Debug|Any CPU
		{7557C83C-907B-4FA7-A584-3C735DBF5807}.Release|Any CPU.ActiveCfg = Release|Any CPU
		{7557C83C-907B-4FA7-A584-3C735DBF5807}.Release|Any CPU.Build.0 = Release|Any CPU
		{7557C83C-907B-4FA7-A584-3C735DBF5807}.Release|x64.ActiveCfg = Release|Any CPU
		{7557C83C-907B-4FA7-A584-3C735DBF5807}.Release|x64.Build.0 = Release|Any CPU
		{7557C83C-907B-4FA7-A584-3C735DBF5807}.Release|x86.ActiveCfg = Release|Any CPU
		{7557C83C-907B-4FA7-A584-3C735DBF5807}.Release|x86.Build.0 = Release|Any CPU
		{6197D554-300F-41E2-80C0-CAC34BCF8208}.Debug|Any CPU.ActiveCfg = Debug|Any CPU
		{6197D554-300F-41E2-80C0-CAC34BCF8208}.Debug|Any CPU.Build.0 = Debug|Any CPU
		{6197D554-300F-41E2-80C0-CAC34BCF8208}.Debug|x64.ActiveCfg = Debug|Any CPU
		{6197D554-300F-41E2-80C0-CAC34BCF8208}.Debug|x64.Build.0 = Debug|Any CPU
		{6197D554-300F-41E2-80C0-CAC34BCF8208}.Debug|x86.ActiveCfg = Debug|Any CPU
		{6197D554-300F-41E2-80C0-CAC34BCF8208}.Debug|x86.Build.0 = Debug|Any CPU
		{6197D554-300F-41E2-80C0-CAC34BCF8208}.Release|Any CPU.ActiveCfg = Release|Any CPU
		{6197D554-300F-41E2-80C0-CAC34BCF8208}.Release|Any CPU.Build.0 = Release|Any CPU
		{6197D554-300F-41E2-80C0-CAC34BCF8208}.Release|x64.ActiveCfg = Release|Any CPU
		{6197D554-300F-41E2-80C0-CAC34BCF8208}.Release|x64.Build.0 = Release|Any CPU
		{6197D554-300F-41E2-80C0-CAC34BCF8208}.Release|x86.ActiveCfg = Release|Any CPU
		{6197D554-300F-41E2-80C0-CAC34BCF8208}.Release|x86.Build.0 = Release|Any CPU
		{9F95FB15-2C66-4D48-A18D-DE23AE96F42D}.Debug|Any CPU.ActiveCfg = Debug|Any CPU
		{9F95FB15-2C66-4D48-A18D-DE23AE96F42D}.Debug|Any CPU.Build.0 = Debug|Any CPU
		{9F95FB15-2C66-4D48-A18D-DE23AE96F42D}.Debug|x64.ActiveCfg = Debug|Any CPU
		{9F95FB15-2C66-4D48-A18D-DE23AE96F42D}.Debug|x64.Build.0 = Debug|Any CPU
		{9F95FB15-2C66-4D48-A18D-DE23AE96F42D}.Debug|x86.ActiveCfg = Debug|Any CPU
		{9F95FB15-2C66-4D48-A18D-DE23AE96F42D}.Debug|x86.Build.0 = Debug|Any CPU
		{9F95FB15-2C66-4D48-A18D-DE23AE96F42D}.Release|Any CPU.ActiveCfg = Release|Any CPU
		{9F95FB15-2C66-4D48-A18D-DE23AE96F42D}.Release|Any CPU.Build.0 = Release|Any CPU
		{9F95FB15-2C66-4D48-A18D-DE23AE96F42D}.Release|x64.ActiveCfg = Release|Any CPU
		{9F95FB15-2C66-4D48-A18D-DE23AE96F42D}.Release|x64.Build.0 = Release|Any CPU
		{9F95FB15-2C66-4D48-A18D-DE23AE96F42D}.Release|x86.ActiveCfg = Release|Any CPU
		{9F95FB15-2C66-4D48-A18D-DE23AE96F42D}.Release|x86.Build.0 = Release|Any CPU
		{209561A2-668B-46C9-9E67-81849DA14BBC}.Debug|Any CPU.ActiveCfg = Debug|Any CPU
		{209561A2-668B-46C9-9E67-81849DA14BBC}.Debug|Any CPU.Build.0 = Debug|Any CPU
		{209561A2-668B-46C9-9E67-81849DA14BBC}.Debug|x64.ActiveCfg = Debug|Any CPU
		{209561A2-668B-46C9-9E67-81849DA14BBC}.Debug|x64.Build.0 = Debug|Any CPU
		{209561A2-668B-46C9-9E67-81849DA14BBC}.Debug|x86.ActiveCfg = Debug|Any CPU
		{209561A2-668B-46C9-9E67-81849DA14BBC}.Debug|x86.Build.0 = Debug|Any CPU
		{209561A2-668B-46C9-9E67-81849DA14BBC}.Release|Any CPU.ActiveCfg = Release|Any CPU
		{209561A2-668B-46C9-9E67-81849DA14BBC}.Release|Any CPU.Build.0 = Release|Any CPU
		{209561A2-668B-46C9-9E67-81849DA14BBC}.Release|x64.ActiveCfg = Release|Any CPU
		{209561A2-668B-46C9-9E67-81849DA14BBC}.Release|x64.Build.0 = Release|Any CPU
		{209561A2-668B-46C9-9E67-81849DA14BBC}.Release|x86.ActiveCfg = Release|Any CPU
		{209561A2-668B-46C9-9E67-81849DA14BBC}.Release|x86.Build.0 = Release|Any CPU
		{CC660815-4718-49F6-B0E6-9EFFBA41DEDA}.Debug|Any CPU.ActiveCfg = Debug|Any CPU
		{CC660815-4718-49F6-B0E6-9EFFBA41DEDA}.Debug|Any CPU.Build.0 = Debug|Any CPU
		{CC660815-4718-49F6-B0E6-9EFFBA41DEDA}.Debug|x64.ActiveCfg = Debug|Any CPU
		{CC660815-4718-49F6-B0E6-9EFFBA41DEDA}.Debug|x64.Build.0 = Debug|Any CPU
		{CC660815-4718-49F6-B0E6-9EFFBA41DEDA}.Debug|x86.ActiveCfg = Debug|Any CPU
		{CC660815-4718-49F6-B0E6-9EFFBA41DEDA}.Debug|x86.Build.0 = Debug|Any CPU
		{CC660815-4718-49F6-B0E6-9EFFBA41DEDA}.Release|Any CPU.ActiveCfg = Release|Any CPU
		{CC660815-4718-49F6-B0E6-9EFFBA41DEDA}.Release|Any CPU.Build.0 = Release|Any CPU
		{CC660815-4718-49F6-B0E6-9EFFBA41DEDA}.Release|x64.ActiveCfg = Release|Any CPU
		{CC660815-4718-49F6-B0E6-9EFFBA41DEDA}.Release|x64.Build.0 = Release|Any CPU
		{CC660815-4718-49F6-B0E6-9EFFBA41DEDA}.Release|x86.ActiveCfg = Release|Any CPU
		{CC660815-4718-49F6-B0E6-9EFFBA41DEDA}.Release|x86.Build.0 = Release|Any CPU
	EndGlobalSection
	GlobalSection(SolutionProperties) = preSolution
		HideSolutionNode = FALSE
	EndGlobalSection
	GlobalSection(NestedProjects) = preSolution
		{DA5351A1-D02E-4257-89A0-7315F888E3E3} = {271778B0-F599-4CFD-A98A-EDCAEC28AE09}
		{97E2A159-E653-4557-B535-2FAD285377AF} = {271778B0-F599-4CFD-A98A-EDCAEC28AE09}
		{6405CA8E-24B5-438B-88A2-2459655AF76D} = {19AF0381-7B53-4EAD-A6DD-EB9110775E41}
		{FA07CC39-28F8-44DB-AB34-4228090EF40E} = {19AF0381-7B53-4EAD-A6DD-EB9110775E41}
		{AFD41844-2B52-411D-BFEA-1CD439829AB5} = {B910688B-9DF8-4256-A9FB-B2C8F86487C8}
		{DE713B74-99A6-4054-9DAD-BDE487B0BD79} = {B910688B-9DF8-4256-A9FB-B2C8F86487C8}
		{68F12591-A52B-4F63-A232-D5095D2C8DA4} = {78BFBA7C-B92C-465F-81F6-58D546ED38D7}
		{E8AE6BCF-D3B0-4A88-9D78-1D051F19642A} = {78BFBA7C-B92C-465F-81F6-58D546ED38D7}
		{C87765AD-DCD9-4450-A338-504D9F40AD8A} = {E2C61D49-37FB-4A3E-8701-37C5D0A0BD65}
		{4B027362-7DDB-4645-9BF8-3F998F70296C} = {E2C61D49-37FB-4A3E-8701-37C5D0A0BD65}
		{246B39DB-99EC-4029-A64D-44AA330BE425} = {88C7BB86-DF25-46F8-8A35-464F02FF4B95}
		{7557C83C-907B-4FA7-A584-3C735DBF5807} = {88C7BB86-DF25-46F8-8A35-464F02FF4B95}
		{6197D554-300F-41E2-80C0-CAC34BCF8208} = {CD8B5CD9-BD54-4E05-883C-3DA6EF591EFA}
		{9F95FB15-2C66-4D48-A18D-DE23AE96F42D} = {CD8B5CD9-BD54-4E05-883C-3DA6EF591EFA}
		{209561A2-668B-46C9-9E67-81849DA14BBC} = {861635E3-7B38-492B-9C07-B1DA5F39172F}
	EndGlobalSection
	GlobalSection(ExtensibilityGlobals) = postSolution
		SolutionGuid = {CDE37A43-BA82-41EB-80D2-3CFE0EA7B8E0}
	EndGlobalSection
EndGlobal
